
Microsoft Visual Studio Solution File, Format Version 12.00
# Visual Studio Version 16
VisualStudioVersion = 16.0.33328.57
MinimumVisualStudioVersion = 10.0.40219.1
Project("{FAE04EC0-301F-11D3-BF4B-00C04F79EFBC}") = "Ejerc6.1", "Ejerc6.1.csproj", "{5926185D-CA38-4991-8D8D-A45F9A5ABE0C}"
EndProject
Global
	GlobalSection(SolutionConfigurationPlatforms) = preSolution
		Debug|Any CPU = Debug|Any CPU
		Release|Any CPU = Release|Any CPU
	EndGlobalSection
	GlobalSection(ProjectConfigurationPlatforms) = postSolution
		{5926185D-CA38-4991-8D8D-A45F9A5ABE0C}.Debug|Any CPU.ActiveCfg = Debug|Any CPU
		{5926185D-CA38-4991-8D8D-A45F9A5ABE0C}.Debug|Any CPU.Build.0 = Debug|Any CPU
		{5926185D-CA38-4991-8D8D-A45F9A5ABE0C}.Release|Any CPU.ActiveCfg = Release|Any CPU
		{5926185D-CA38-4991-8D8D-A45F9A5ABE0C}.Release|Any CPU.Build.0 = Release|Any CPU
	EndGlobalSection
	GlobalSection(SolutionProperties) = preSolution
		HideSolutionNode = FALSE
	EndGlobalSection
	GlobalSection(ExtensibilityGlobals) = postSolution
		SolutionGuid = {4284B741-971F-43D7-B0E4-D122F1347C88}
	EndGlobalSection
EndGlobal
