
Microsoft Visual Studio Solution File, Format Version 12.00
# Visual Studio Version 16
VisualStudioVersion = 16.0.33328.57
MinimumVisualStudioVersion = 10.0.40219.1
Project("{FAE04EC0-301F-11D3-BF4B-00C04F79EFBC}") = "Ejerc5", "Ejerc5.csproj", "{23BA8251-B22D-4B17-B8B7-B8358623DE25}"
EndProject
Global
	GlobalSection(SolutionConfigurationPlatforms) = preSolution
		Debug|Any CPU = Debug|Any CPU
		Release|Any CPU = Release|Any CPU
	EndGlobalSection
	GlobalSection(ProjectConfigurationPlatforms) = postSolution
		{23BA8251-B22D-4B17-B8B7-B8358623DE25}.Debug|Any CPU.ActiveCfg = Debug|Any CPU
		{23BA8251-B22D-4B17-B8B7-B8358623DE25}.Debug|Any CPU.Build.0 = Debug|Any CPU
		{23BA8251-B22D-4B17-B8B7-B8358623DE25}.Release|Any CPU.ActiveCfg = Release|Any CPU
		{23BA8251-B22D-4B17-B8B7-B8358623DE25}.Release|Any CPU.Build.0 = Release|Any CPU
	EndGlobalSection
	GlobalSection(SolutionProperties) = preSolution
		HideSolutionNode = FALSE
	EndGlobalSection
	GlobalSection(ExtensibilityGlobals) = postSolution
		SolutionGuid = {4CE9DA6A-F5C7-46D2-9057-35724694675F}
	EndGlobalSection
EndGlobal
